
Microsoft Visual Studio Solution File, Format Version 12.00
# Visual Studio Version 16
VisualStudioVersion = 16.0.30114.105
MinimumVisualStudioVersion = 10.0.40219.1
Project("{2150E333-8FDC-42A3-9474-1A3956D46DE8}") = "src", "src", "{BB697FD8-9500-4678-9567-BA6F3E8B0C73}"
EndProject
Project("{FAE04EC0-301F-11D3-BF4B-00C04F79EFBC}") = "PocketGo.App", "src\PocketGo.App\PocketGo.App.csproj", "{26782742-8A8B-4D87-A042-DA4DD0A57F39}"
EndProject
Project("{2150E333-8FDC-42A3-9474-1A3956D46DE8}") = "tests", "tests", "{415175FF-BB72-411A-A38B-6DD85277D4A7}"
EndProject
Project("{FAE04EC0-301F-11D3-BF4B-00C04F79EFBC}") = "PocketGo.App.Tests", "tests\PocketGo.App.Tests\PocketGo.App.Tests.csproj", "{E36E9345-FCCD-4B6B-B0AC-4195DAF097EE}"
EndProject
Global
	GlobalSection(SolutionConfigurationPlatforms) = preSolution
		Debug|Any CPU = Debug|Any CPU
		Debug|x64 = Debug|x64
		Debug|x86 = Debug|x86
		Release|Any CPU = Release|Any CPU
		Release|x64 = Release|x64
		Release|x86 = Release|x86
	EndGlobalSection
	GlobalSection(SolutionProperties) = preSolution
		HideSolutionNode = FALSE
	EndGlobalSection
	GlobalSection(ProjectConfigurationPlatforms) = postSolution
		{26782742-8A8B-4D87-A042-DA4DD0A57F39}.Debug|Any CPU.ActiveCfg = Debug|Any CPU
		{26782742-8A8B-4D87-A042-DA4DD0A57F39}.Debug|Any CPU.Build.0 = Debug|Any CPU
		{26782742-8A8B-4D87-A042-DA4DD0A57F39}.Debug|x64.ActiveCfg = Debug|Any CPU
		{26782742-8A8B-4D87-A042-DA4DD0A57F39}.Debug|x64.Build.0 = Debug|Any CPU
		{26782742-8A8B-4D87-A042-DA4DD0A57F39}.Debug|x86.ActiveCfg = Debug|Any CPU
		{26782742-8A8B-4D87-A042-DA4DD0A57F39}.Debug|x86.Build.0 = Debug|Any CPU
		{26782742-8A8B-4D87-A042-DA4DD0A57F39}.Release|Any CPU.ActiveCfg = Release|Any CPU
		{26782742-8A8B-4D87-A042-DA4DD0A57F39}.Release|Any CPU.Build.0 = Release|Any CPU
		{26782742-8A8B-4D87-A042-DA4DD0A57F39}.Release|x64.ActiveCfg = Release|Any CPU
		{26782742-8A8B-4D87-A042-DA4DD0A57F39}.Release|x64.Build.0 = Release|Any CPU
		{26782742-8A8B-4D87-A042-DA4DD0A57F39}.Release|x86.ActiveCfg = Release|Any CPU
		{26782742-8A8B-4D87-A042-DA4DD0A57F39}.Release|x86.Build.0 = Release|Any CPU
		{E36E9345-FCCD-4B6B-B0AC-4195DAF097EE}.Debug|Any CPU.ActiveCfg = Debug|Any CPU
		{E36E9345-FCCD-4B6B-B0AC-4195DAF097EE}.Debug|Any CPU.Build.0 = Debug|Any CPU
		{E36E9345-FCCD-4B6B-B0AC-4195DAF097EE}.Debug|x64.ActiveCfg = Debug|Any CPU
		{E36E9345-FCCD-4B6B-B0AC-4195DAF097EE}.Debug|x64.Build.0 = Debug|Any CPU
		{E36E9345-FCCD-4B6B-B0AC-4195DAF097EE}.Debug|x86.ActiveCfg = Debug|Any CPU
		{E36E9345-FCCD-4B6B-B0AC-4195DAF097EE}.Debug|x86.Build.0 = Debug|Any CPU
		{E36E9345-FCCD-4B6B-B0AC-4195DAF097EE}.Release|Any CPU.ActiveCfg = Release|Any CPU
		{E36E9345-FCCD-4B6B-B0AC-4195DAF097EE}.Release|Any CPU.Build.0 = Release|Any CPU
		{E36E9345-FCCD-4B6B-B0AC-4195DAF097EE}.Release|x64.ActiveCfg = Release|Any CPU
		{E36E9345-FCCD-4B6B-B0AC-4195DAF097EE}.Release|x64.Build.0 = Release|Any CPU
		{E36E9345-FCCD-4B6B-B0AC-4195DAF097EE}.Release|x86.ActiveCfg = Release|Any CPU
		{E36E9345-FCCD-4B6B-B0AC-4195DAF097EE}.Release|x86.Build.0 = Release|Any CPU
	EndGlobalSection
	GlobalSection(NestedProjects) = preSolution
		{26782742-8A8B-4D87-A042-DA4DD0A57F39} = {BB697FD8-9500-4678-9567-BA6F3E8B0C73}
		{E36E9345-FCCD-4B6B-B0AC-4195DAF097EE} = {415175FF-BB72-411A-A38B-6DD85277D4A7}
	EndGlobalSection
EndGlobal
